
Microsoft Visual Studio Solution File, Format Version 12.00
# Visual Studio Version 17
VisualStudioVersion = 17.9.34728.123
MinimumVisualStudioVersion = 10.0.40219.1
Project("{FAE04EC0-301F-11D3-BF4B-00C04F79EFBC}") = "AspPor", "AspPor\AspPor.csproj", "{71AD6014-DDB6-400A-91F1-8F6EAD2843CA}"
EndProject
Global
	GlobalSection(SolutionConfigurationPlatforms) = preSolution
		Debug|Any CPU = Debug|Any CPU
		Release|Any CPU = Release|Any CPU
	EndGlobalSection
	GlobalSection(ProjectConfigurationPlatforms) = postSolution
		{71AD6014-DDB6-400A-91F1-8F6EAD2843CA}.Debug|Any CPU.ActiveCfg = Debug|Any CPU
		{71AD6014-DDB6-400A-91F1-8F6EAD2843CA}.Debug|Any CPU.Build.0 = Debug|Any CPU
		{71AD6014-DDB6-400A-91F1-8F6EAD2843CA}.Release|Any CPU.ActiveCfg = Release|Any CPU
		{71AD6014-DDB6-400A-91F1-8F6EAD2843CA}.Release|Any CPU.Build.0 = Release|Any CPU
	EndGlobalSection
	GlobalSection(SolutionProperties) = preSolution
		HideSolutionNode = FALSE
	EndGlobalSection
	GlobalSection(ExtensibilityGlobals) = postSolution
		SolutionGuid = {91F67587-6820-4879-AF8B-AC38A227DAEE}
	EndGlobalSection
EndGlobal
